
Microsoft Visual Studio Solution File, Format Version 12.00
# Visual Studio Version 16
VisualStudioVersion = 16.0.30503.244
MinimumVisualStudioVersion = 10.0.40219.1
Project("{FAE04EC0-301F-11D3-BF4B-00C04F79EFBC}") = "ECommerce.API.Products", "ECommerce.API.Products\ECommerce.API.Products.csproj", "{CB6F1D6B-A393-4E35-9132-F3EC479264CC}"
EndProject
Project("{FAE04EC0-301F-11D3-BF4B-00C04F79EFBC}") = "ECommerce.API.Customers", "ECommerce.API.Customers\ECommerce.API.Customers.csproj", "{B35CAD19-835D-456E-935C-F415BFD2B980}"
EndProject
Project("{FAE04EC0-301F-11D3-BF4B-00C04F79EFBC}") = "ECommerce.API.Orders", "ECommerce.API.Orders\ECommerce.API.Orders.csproj", "{C0D8A5C9-A8C5-49B2-89D1-48B0A7F51672}"
EndProject
Project("{FAE04EC0-301F-11D3-BF4B-00C04F79EFBC}") = "ECommerce.API.Search", "ECommerce.API.Search\ECommerce.API.Search.csproj", "{10A2B3DE-218F-4702-A7C0-19B78857B335}"
EndProject
Project("{FAE04EC0-301F-11D3-BF4B-00C04F79EFBC}") = "ECommerce.API.Products.Tests", "ECommerce.API.Products.Tests\ECommerce.API.Products.Tests.csproj", "{91B6B0CE-5DE9-4404-97FB-CF6B4CBC9AA6}"
EndProject
Project("{E53339B2-1760-4266-BCC7-CA923CBCF16C}") = "docker-compose", "docker-compose.dcproj", "{9FA0C8A8-BCB5-4153-9707-12CC909CE93D}"
EndProject
Global
	GlobalSection(SolutionConfigurationPlatforms) = preSolution
		Debug|Any CPU = Debug|Any CPU
		Release|Any CPU = Release|Any CPU
	EndGlobalSection
	GlobalSection(ProjectConfigurationPlatforms) = postSolution
		{CB6F1D6B-A393-4E35-9132-F3EC479264CC}.Debug|Any CPU.ActiveCfg = Debug|Any CPU
		{CB6F1D6B-A393-4E35-9132-F3EC479264CC}.Debug|Any CPU.Build.0 = Debug|Any CPU
		{CB6F1D6B-A393-4E35-9132-F3EC479264CC}.Release|Any CPU.ActiveCfg = Release|Any CPU
		{CB6F1D6B-A393-4E35-9132-F3EC479264CC}.Release|Any CPU.Build.0 = Release|Any CPU
		{B35CAD19-835D-456E-935C-F415BFD2B980}.Debug|Any CPU.ActiveCfg = Debug|Any CPU
		{B35CAD19-835D-456E-935C-F415BFD2B980}.Debug|Any CPU.Build.0 = Debug|Any CPU
		{B35CAD19-835D-456E-935C-F415BFD2B980}.Release|Any CPU.ActiveCfg = Release|Any CPU
		{B35CAD19-835D-456E-935C-F415BFD2B980}.Release|Any CPU.Build.0 = Release|Any CPU
		{C0D8A5C9-A8C5-49B2-89D1-48B0A7F51672}.Debug|Any CPU.ActiveCfg = Debug|Any CPU
		{C0D8A5C9-A8C5-49B2-89D1-48B0A7F51672}.Debug|Any CPU.Build.0 = Debug|Any CPU
		{C0D8A5C9-A8C5-49B2-89D1-48B0A7F51672}.Release|Any CPU.ActiveCfg = Release|Any CPU
		{C0D8A5C9-A8C5-49B2-89D1-48B0A7F51672}.Release|Any CPU.Build.0 = Release|Any CPU
		{10A2B3DE-218F-4702-A7C0-19B78857B335}.Debug|Any CPU.ActiveCfg = Debug|Any CPU
		{10A2B3DE-218F-4702-A7C0-19B78857B335}.Debug|Any CPU.Build.0 = Debug|Any CPU
		{10A2B3DE-218F-4702-A7C0-19B78857B335}.Release|Any CPU.ActiveCfg = Release|Any CPU
		{10A2B3DE-218F-4702-A7C0-19B78857B335}.Release|Any CPU.Build.0 = Release|Any CPU
		{91B6B0CE-5DE9-4404-97FB-CF6B4CBC9AA6}.Debug|Any CPU.ActiveCfg = Debug|Any CPU
		{91B6B0CE-5DE9-4404-97FB-CF6B4CBC9AA6}.Debug|Any CPU.Build.0 = Debug|Any CPU
		{91B6B0CE-5DE9-4404-97FB-CF6B4CBC9AA6}.Release|Any CPU.ActiveCfg = Release|Any CPU
		{91B6B0CE-5DE9-4404-97FB-CF6B4CBC9AA6}.Release|Any CPU.Build.0 = Release|Any CPU
		{9FA0C8A8-BCB5-4153-9707-12CC909CE93D}.Debug|Any CPU.ActiveCfg = Debug|Any CPU
		{9FA0C8A8-BCB5-4153-9707-12CC909CE93D}.Debug|Any CPU.Build.0 = Debug|Any CPU
		{9FA0C8A8-BCB5-4153-9707-12CC909CE93D}.Release|Any CPU.ActiveCfg = Release|Any CPU
		{9FA0C8A8-BCB5-4153-9707-12CC909CE93D}.Release|Any CPU.Build.0 = Release|Any CPU
	EndGlobalSection
	GlobalSection(SolutionProperties) = preSolution
		HideSolutionNode = FALSE
	EndGlobalSection
	GlobalSection(ExtensibilityGlobals) = postSolution
		SolutionGuid = {8FF9E100-A4BF-4136-9C6D-8E45DA0BD48D}
	EndGlobalSection
EndGlobal
